
Microsoft Visual Studio Solution File, Format Version 12.00
# Visual Studio Version 17
VisualStudioVersion = 17.10.35027.167
MinimumVisualStudioVersion = 10.0.40219.1
Project("{9A19103F-16F7-4668-BE54-9A1E7A4F7556}") = "BlobTriggerTask", "Azure Blob Trigger Function Homework\BlobTriggerTask.csproj", "{04825AC6-C8D5-4B19-849B-0AE270A50426}"
EndProject
Global
	GlobalSection(SolutionConfigurationPlatforms) = preSolution
		Debug|Any CPU = Debug|Any CPU
		Release|Any CPU = Release|Any CPU
	EndGlobalSection
	GlobalSection(ProjectConfigurationPlatforms) = postSolution
		{04825AC6-C8D5-4B19-849B-0AE270A50426}.Debug|Any CPU.ActiveCfg = Debug|Any CPU
		{04825AC6-C8D5-4B19-849B-0AE270A50426}.Debug|Any CPU.Build.0 = Debug|Any CPU
		{04825AC6-C8D5-4B19-849B-0AE270A50426}.Release|Any CPU.ActiveCfg = Release|Any CPU
		{04825AC6-C8D5-4B19-849B-0AE270A50426}.Release|Any CPU.Build.0 = Release|Any CPU
	EndGlobalSection
	GlobalSection(SolutionProperties) = preSolution
		HideSolutionNode = FALSE
	EndGlobalSection
	GlobalSection(ExtensibilityGlobals) = postSolution
		SolutionGuid = {D3B1EB1B-45DA-49AF-B26C-9E74C60EF490}
	EndGlobalSection
EndGlobal
